<?xml version="1.0" encoding="utf-8"?>
<Project ToolsVersion="4.0" xmlns="http://schemas.microsoft.com/developer/msbuild/2003">
  <ItemGroup>
    <Filter Include="Fichiers sources">
      <UniqueIdentifier>{4FC737F1-C7A5-4376-A066-2A32D752A2FF}</UniqueIdentifier>
      <Extensions>cpp;c;cc;cxx;c++;cppm;ixx;def;odl;idl;hpj;bat;asm;asmx</Extensions>
    </Filter>
    <Filter Include="Fichiers d%27en-tête">
      <UniqueIdentifier>{93995380-89BD-4b04-88EB-625FBE52EBFB}</UniqueIdentifier>
      <Extensions>h;hh;hpp;hxx;h++;hm;inl;inc;ipp;xsd</Extensions>
    </Filter>
    <Filter Include="Fichiers de ressources">
      <UniqueIdentifier>{67DA6AB6-F800-4c08-8B7A-83BB121AAD01}</UniqueIdentifier>
      <Extensions>rc;ico;cur;bmp;dlg;rc2;rct;bin;rgs;gif;jpg;jpeg;jpe;resx;tiff;tif;png;wav;mfcribbon-ms</Extensions>
    </Filter>
    <Filter Include="Classes">
      <UniqueIdentifier>{d09bdcfc-19b2-46ef-84e9-8e929310e07a}</UniqueIdentifier>
    </Filter>
    <Filter Include="Classes\Game">
      <UniqueIdentifier>{12a928f6-7fc5-47ea-9e31-27a1c1c553bb}</UniqueIdentifier>
    </Filter>
    <Filter Include="Classes\Entity">
      <UniqueIdentifier>{3f250d05-0e55-4b7b-b22f-85c8c830fa2a}</UniqueIdentifier>
    </Filter>
    <Filter Include="Classes\Entity\Player">
      <UniqueIdentifier>{3dcc2e11-820f-4a26-9279-885d8727ad17}</UniqueIdentifier>
    </Filter>
    <Filter Include="Classes\Entity\Boss">
      <UniqueIdentifier>{109075fe-b731-4d9f-bd67-563bdb4d27e4}</UniqueIdentifier>
    </Filter>
    <Filter Include="Classes\Entity\Shockwave">
      <UniqueIdentifier>{4ed166ea-e9ce-49a3-910c-f21c9dd285ce}</UniqueIdentifier>
    </Filter>
    <Filter Include="Classes\Entity\Ray">
      <UniqueIdentifier>{5182b41f-6ee2-4062-8947-c059cd3ab03b}</UniqueIdentifier>
    </Filter>
  </ItemGroup>
  <ItemGroup>
    <ClCompile Include="Main.cpp">
      <Filter>Fichiers sources</Filter>
    </ClCompile>
    <ClCompile Include="pch.cpp">
      <Filter>Fichiers sources</Filter>
    </ClCompile>
    <ClCompile Include="Game.cpp">
      <Filter>Classes\Game</Filter>
    </ClCompile>
    <ClCompile Include="Entity.cpp">
      <Filter>Classes\Entity</Filter>
    </ClCompile>
    <ClCompile Include="Player.cpp">
      <Filter>Classes\Entity\Player</Filter>
    </ClCompile>
    <ClCompile Include="Boss.cpp">
      <Filter>Classes\Entity\Boss</Filter>
    </ClCompile>
    <ClCompile Include="Shockwave.cpp">
      <Filter>Classes\Entity\Shockwave</Filter>
    </ClCompile>
    <ClCompile Include="Ray.cpp">
      <Filter>Classes\Entity\Ray</Filter>
    </ClCompile>
  </ItemGroup>
  <ItemGroup>
    <ClInclude Include="pch.h">
      <Filter>Fichiers d%27en-tête</Filter>
    </ClInclude>
    <ClInclude Include="Game.h">
      <Filter>Classes\Game</Filter>
    </ClInclude>
    <ClInclude Include="Entity.h">
      <Filter>Classes\Entity</Filter>
    </ClInclude>
    <ClInclude Include="Player.h">
      <Filter>Classes\Entity\Player</Filter>
    </ClInclude>
    <ClInclude Include="Boss.h">
      <Filter>Classes\Entity\Boss</Filter>
    </ClInclude>
    <ClInclude Include="Shockwave.h">
      <Filter>Classes\Entity\Shockwave</Filter>
    </ClInclude>
    <ClInclude Include="Ray.h">
      <Filter>Classes\Entity\Ray</Filter>
    </ClInclude>
  </ItemGroup>
</Project>